
Microsoft Visual Studio Solution File, Format Version 12.00
Project("{FAE04EC0-301F-11D3-BF4B-00C04F79EFBC}") = "Falcon.Api", "Falcon.Api\Falcon.Api.csproj", "{B5CDEE56-AA03-4161-A3D1-EFCAA6AF31A9}"
EndProject
Project("{2150E333-8FDC-42A3-9474-1A3956D46DE8}") = "Api", "Api", "{46AECE87-DBF7-4E62-96B5-91DC61D75641}"
EndProject
Project("{2150E333-8FDC-42A3-9474-1A3956D46DE8}") = "Bus", "Bus", "{09B1AE7A-4A15-4631-B43C-344833BFFE26}"
EndProject
Project("{FAE04EC0-301F-11D3-BF4B-00C04F79EFBC}") = "Falcon.RabittMQ", "Bus\Falcon.RabittMQ\Falcon.RabittMQ.csproj", "{99DA8411-3856-41A9-AE66-0D248C5A1CD9}"
EndProject
Project("{2150E333-8FDC-42A3-9474-1A3956D46DE8}") = "Data", "Data", "{EEBFF986-0995-4DA1-8823-1E086FF2451C}"
EndProject
Project("{FAE04EC0-301F-11D3-BF4B-00C04F79EFBC}") = "Falcon.Data", "Data\Falcon.Data\Falcon.Data.csproj", "{579D9BE4-C431-45C7-AF5A-DEEBA2AC78F6}"
EndProject
Project("{FAE04EC0-301F-11D3-BF4B-00C04F79EFBC}") = "Falcon.Data.Entities", "Data\Falcon.Data.Entities\Falcon.Data.Entities.csproj", "{F3B39FA6-8B67-4F4E-BF57-1A982013CDA0}"
EndProject
Project("{2150E333-8FDC-42A3-9474-1A3956D46DE8}") = "Scripts", "Scripts", "{C9536D0A-71C2-4DE3-B0A7-0AE2ABBF358A}"
EndProject
Project("{2150E333-8FDC-42A3-9474-1A3956D46DE8}") = "Trawlers", "Trawlers", "{F4DFB76C-B2A4-4F1F-9178-88D66B614F63}"
EndProject
Project("{2150E333-8FDC-42A3-9474-1A3956D46DE8}") = "Utils", "Utils", "{8607D660-F92C-48F3-B3B5-50A657C3741D}"
EndProject
Project("{FAE04EC0-301F-11D3-BF4B-00C04F79EFBC}") = "Falcon.Trawler", "Trawlers\Falcon.Trawler\Falcon.Trawler.csproj", "{2F406993-AF2D-40DE-A466-7D1A93131AE5}"
EndProject
Project("{FAE04EC0-301F-11D3-BF4B-00C04F79EFBC}") = "Falcon.Trawler.Script", "Scripts\Falcon.Trawler.Script\Falcon.Trawler.Script.csproj", "{A2AF49E3-AF0F-414E-913E-C5FDC655ACF6}"
EndProject
Project("{FAE04EC0-301F-11D3-BF4B-00C04F79EFBC}") = "Extensions", "Utils\Extensions\Extensions.csproj", "{79BECAF3-D0F5-457D-BE5A-03B8488C98A2}"
EndProject
Project("{FAE04EC0-301F-11D3-BF4B-00C04F79EFBC}") = "Utils.Serialization", "Utils\Utils.Serialization\Utils.Serialization.csproj", "{F9F3F6D2-A3A7-4FAD-A8ED-8215BEB3EB39}"
EndProject
Project("{2150E333-8FDC-42A3-9474-1A3956D46DE8}") = "Services", "Services", "{48FFD131-D5B4-4F4B-8EDB-604E771CE58C}"
EndProject
Project("{FAE04EC0-301F-11D3-BF4B-00C04F79EFBC}") = "Falcon.Abstractions", "Services\Falcon.Abstractions\Falcon.Abstractions.csproj", "{C7F1E379-339C-46B6-8177-B65526F1E4BE}"
EndProject
Project("{2150E333-8FDC-42A3-9474-1A3956D46DE8}") = "Sorters", "Sorters", "{A3FA5ECA-5A92-4BD2-B91E-629E83778005}"
EndProject
Project("{FAE04EC0-301F-11D3-BF4B-00C04F79EFBC}") = "Falcon.Sorter", "Sorters\Falcon.Sorter\Falcon.Sorter.csproj", "{3421184C-8A38-42D5-9FEC-B89FAC4615C8}"
EndProject
Global
	GlobalSection(SolutionConfigurationPlatforms) = preSolution
		Debug|Any CPU = Debug|Any CPU
		Release|Any CPU = Release|Any CPU
	EndGlobalSection
	GlobalSection(ProjectConfigurationPlatforms) = postSolution
		{B5CDEE56-AA03-4161-A3D1-EFCAA6AF31A9}.Debug|Any CPU.ActiveCfg = Debug|Any CPU
		{B5CDEE56-AA03-4161-A3D1-EFCAA6AF31A9}.Debug|Any CPU.Build.0 = Debug|Any CPU
		{B5CDEE56-AA03-4161-A3D1-EFCAA6AF31A9}.Release|Any CPU.ActiveCfg = Release|Any CPU
		{B5CDEE56-AA03-4161-A3D1-EFCAA6AF31A9}.Release|Any CPU.Build.0 = Release|Any CPU
		{99DA8411-3856-41A9-AE66-0D248C5A1CD9}.Debug|Any CPU.ActiveCfg = Debug|Any CPU
		{99DA8411-3856-41A9-AE66-0D248C5A1CD9}.Debug|Any CPU.Build.0 = Debug|Any CPU
		{99DA8411-3856-41A9-AE66-0D248C5A1CD9}.Release|Any CPU.ActiveCfg = Release|Any CPU
		{99DA8411-3856-41A9-AE66-0D248C5A1CD9}.Release|Any CPU.Build.0 = Release|Any CPU
		{579D9BE4-C431-45C7-AF5A-DEEBA2AC78F6}.Debug|Any CPU.ActiveCfg = Debug|Any CPU
		{579D9BE4-C431-45C7-AF5A-DEEBA2AC78F6}.Debug|Any CPU.Build.0 = Debug|Any CPU
		{579D9BE4-C431-45C7-AF5A-DEEBA2AC78F6}.Release|Any CPU.ActiveCfg = Release|Any CPU
		{579D9BE4-C431-45C7-AF5A-DEEBA2AC78F6}.Release|Any CPU.Build.0 = Release|Any CPU
		{F3B39FA6-8B67-4F4E-BF57-1A982013CDA0}.Debug|Any CPU.ActiveCfg = Debug|Any CPU
		{F3B39FA6-8B67-4F4E-BF57-1A982013CDA0}.Debug|Any CPU.Build.0 = Debug|Any CPU
		{F3B39FA6-8B67-4F4E-BF57-1A982013CDA0}.Release|Any CPU.ActiveCfg = Release|Any CPU
		{F3B39FA6-8B67-4F4E-BF57-1A982013CDA0}.Release|Any CPU.Build.0 = Release|Any CPU
		{2F406993-AF2D-40DE-A466-7D1A93131AE5}.Debug|Any CPU.ActiveCfg = Debug|Any CPU
		{2F406993-AF2D-40DE-A466-7D1A93131AE5}.Debug|Any CPU.Build.0 = Debug|Any CPU
		{2F406993-AF2D-40DE-A466-7D1A93131AE5}.Release|Any CPU.ActiveCfg = Release|Any CPU
		{2F406993-AF2D-40DE-A466-7D1A93131AE5}.Release|Any CPU.Build.0 = Release|Any CPU
		{A2AF49E3-AF0F-414E-913E-C5FDC655ACF6}.Debug|Any CPU.ActiveCfg = Debug|Any CPU
		{A2AF49E3-AF0F-414E-913E-C5FDC655ACF6}.Debug|Any CPU.Build.0 = Debug|Any CPU
		{A2AF49E3-AF0F-414E-913E-C5FDC655ACF6}.Release|Any CPU.ActiveCfg = Release|Any CPU
		{A2AF49E3-AF0F-414E-913E-C5FDC655ACF6}.Release|Any CPU.Build.0 = Release|Any CPU
		{79BECAF3-D0F5-457D-BE5A-03B8488C98A2}.Debug|Any CPU.ActiveCfg = Debug|Any CPU
		{79BECAF3-D0F5-457D-BE5A-03B8488C98A2}.Debug|Any CPU.Build.0 = Debug|Any CPU
		{79BECAF3-D0F5-457D-BE5A-03B8488C98A2}.Release|Any CPU.ActiveCfg = Release|Any CPU
		{79BECAF3-D0F5-457D-BE5A-03B8488C98A2}.Release|Any CPU.Build.0 = Release|Any CPU
		{F9F3F6D2-A3A7-4FAD-A8ED-8215BEB3EB39}.Debug|Any CPU.ActiveCfg = Debug|Any CPU
		{F9F3F6D2-A3A7-4FAD-A8ED-8215BEB3EB39}.Debug|Any CPU.Build.0 = Debug|Any CPU
		{F9F3F6D2-A3A7-4FAD-A8ED-8215BEB3EB39}.Release|Any CPU.ActiveCfg = Release|Any CPU
		{F9F3F6D2-A3A7-4FAD-A8ED-8215BEB3EB39}.Release|Any CPU.Build.0 = Release|Any CPU
		{C7F1E379-339C-46B6-8177-B65526F1E4BE}.Debug|Any CPU.ActiveCfg = Debug|Any CPU
		{C7F1E379-339C-46B6-8177-B65526F1E4BE}.Debug|Any CPU.Build.0 = Debug|Any CPU
		{C7F1E379-339C-46B6-8177-B65526F1E4BE}.Release|Any CPU.ActiveCfg = Release|Any CPU
		{C7F1E379-339C-46B6-8177-B65526F1E4BE}.Release|Any CPU.Build.0 = Release|Any CPU
		{3421184C-8A38-42D5-9FEC-B89FAC4615C8}.Debug|Any CPU.ActiveCfg = Debug|Any CPU
		{3421184C-8A38-42D5-9FEC-B89FAC4615C8}.Debug|Any CPU.Build.0 = Debug|Any CPU
		{3421184C-8A38-42D5-9FEC-B89FAC4615C8}.Release|Any CPU.ActiveCfg = Release|Any CPU
		{3421184C-8A38-42D5-9FEC-B89FAC4615C8}.Release|Any CPU.Build.0 = Release|Any CPU
	EndGlobalSection
	GlobalSection(NestedProjects) = preSolution
		{B5CDEE56-AA03-4161-A3D1-EFCAA6AF31A9} = {46AECE87-DBF7-4E62-96B5-91DC61D75641}
		{99DA8411-3856-41A9-AE66-0D248C5A1CD9} = {09B1AE7A-4A15-4631-B43C-344833BFFE26}
		{579D9BE4-C431-45C7-AF5A-DEEBA2AC78F6} = {EEBFF986-0995-4DA1-8823-1E086FF2451C}
		{F3B39FA6-8B67-4F4E-BF57-1A982013CDA0} = {EEBFF986-0995-4DA1-8823-1E086FF2451C}
		{2F406993-AF2D-40DE-A466-7D1A93131AE5} = {F4DFB76C-B2A4-4F1F-9178-88D66B614F63}
		{A2AF49E3-AF0F-414E-913E-C5FDC655ACF6} = {C9536D0A-71C2-4DE3-B0A7-0AE2ABBF358A}
		{79BECAF3-D0F5-457D-BE5A-03B8488C98A2} = {8607D660-F92C-48F3-B3B5-50A657C3741D}
		{F9F3F6D2-A3A7-4FAD-A8ED-8215BEB3EB39} = {8607D660-F92C-48F3-B3B5-50A657C3741D}
		{C7F1E379-339C-46B6-8177-B65526F1E4BE} = {48FFD131-D5B4-4F4B-8EDB-604E771CE58C}
		{3421184C-8A38-42D5-9FEC-B89FAC4615C8} = {A3FA5ECA-5A92-4BD2-B91E-629E83778005}
	EndGlobalSection
EndGlobal
