
Microsoft Visual Studio Solution File, Format Version 12.00
Project("{FAE04EC0-301F-11D3-BF4B-00C04F79EFBC}") = "Falcon.Api", "Falcon.Api\Falcon.Api.csproj", "{B5CDEE56-AA03-4161-A3D1-EFCAA6AF31A9}"
EndProject
Project("{2150E333-8FDC-42A3-9474-1A3956D46DE8}") = "Api", "Api", "{46AECE87-DBF7-4E62-96B5-91DC61D75641}"
EndProject
Project("{2150E333-8FDC-42A3-9474-1A3956D46DE8}") = "Bus", "Bus", "{09B1AE7A-4A15-4631-B43C-344833BFFE26}"
EndProject
Project("{FAE04EC0-301F-11D3-BF4B-00C04F79EFBC}") = "Falcon.Bus.EasyNetQ", "Bus\Falcon.Bus.EasyNetQ\Falcon.Bus.EasyNetQ.csproj", "{99DA8411-3856-41A9-AE66-0D248C5A1CD9}"
EndProject
Project("{2150E333-8FDC-42A3-9474-1A3956D46DE8}") = "Data", "Data", "{EEBFF986-0995-4DA1-8823-1E086FF2451C}"
EndProject
Project("{FAE04EC0-301F-11D3-BF4B-00C04F79EFBC}") = "Falcon.Data", "Data\Falcon.Data\Falcon.Data.csproj", "{579D9BE4-C431-45C7-AF5A-DEEBA2AC78F6}"
EndProject
Project("{FAE04EC0-301F-11D3-BF4B-00C04F79EFBC}") = "Falcon.Data.Entities", "Data\Falcon.Data.Entities\Falcon.Data.Entities.csproj", "{F3B39FA6-8B67-4F4E-BF57-1A982013CDA0}"
EndProject
Project("{2150E333-8FDC-42A3-9474-1A3956D46DE8}") = "Contracts", "Contracts", "{C9536D0A-71C2-4DE3-B0A7-0AE2ABBF358A}"
EndProject
Project("{2150E333-8FDC-42A3-9474-1A3956D46DE8}") = "Hosts", "Hosts", "{F4DFB76C-B2A4-4F1F-9178-88D66B614F63}"
EndProject
Project("{2150E333-8FDC-42A3-9474-1A3956D46DE8}") = "Utils", "Utils", "{8607D660-F92C-48F3-B3B5-50A657C3741D}"
EndProject
Project("{FAE04EC0-301F-11D3-BF4B-00C04F79EFBC}") = "Falcon.Hosts.Scanner", "Hosts\Falcon.Hosts.Scanner\Falcon.Hosts.Scanner.csproj", "{2F406993-AF2D-40DE-A466-7D1A93131AE5}"
EndProject
Project("{FAE04EC0-301F-11D3-BF4B-00C04F79EFBC}") = "Falcon.Contracts", "Contracts\Falcon.Contracts\Falcon.Contracts.csproj", "{A2AF49E3-AF0F-414E-913E-C5FDC655ACF6}"
EndProject
Project("{FAE04EC0-301F-11D3-BF4B-00C04F79EFBC}") = "Falcon.Utils.Autofac", "Utils\Falcon.Utils.Autofac\Falcon.Utils.Autofac.csproj", "{79BECAF3-D0F5-457D-BE5A-03B8488C98A2}"
EndProject
Project("{FAE04EC0-301F-11D3-BF4B-00C04F79EFBC}") = "Falcon.Utils.Serialization", "Utils\Falcon.Utils.Serialization\Falcon.Utils.Serialization.csproj", "{F9F3F6D2-A3A7-4FAD-A8ED-8215BEB3EB39}"
EndProject
Project("{2150E333-8FDC-42A3-9474-1A3956D46DE8}") = "Services", "Services", "{48FFD131-D5B4-4F4B-8EDB-604E771CE58C}"
EndProject
Project("{FAE04EC0-301F-11D3-BF4B-00C04F79EFBC}") = "Falcon.Hosts.ToolOrchestration", "Hosts\Falcon.Hosts.ToolOrchestration\Falcon.Hosts.ToolOrchestration.csproj", "{3421184C-8A38-42D5-9FEC-B89FAC4615C8}"
EndProject
Project("{2150E333-8FDC-42A3-9474-1A3956D46DE8}") = "Logging", "Logging", "{12B501D5-FA06-4EC9-88D8-5DA2D1C8F84E}"
EndProject
Project("{2150E333-8FDC-42A3-9474-1A3956D46DE8}") = "Cache", "Cache", "{0D52ED96-393A-49EF-B26B-EA1441263D32}"
EndProject
Project("{FAE04EC0-301F-11D3-BF4B-00C04F79EFBC}") = "Falcon.Cache.Redis", "Cache\Falcon.Cache.Redis\Falcon.Cache.Redis.csproj", "{31A2620F-3B72-447C-B530-9C45C896E798}"
EndProject
Project("{FAE04EC0-301F-11D3-BF4B-00C04F79EFBC}") = "Falcon.Logging", "Logging\Falcon.Logging\Falcon.Logging.csproj", "{40BB50B5-50AD-4459-9BB5-A7DF160D750D}"
EndProject
Project("{FAE04EC0-301F-11D3-BF4B-00C04F79EFBC}") = "Falcon.Logging.Api", "Logging\Falcon.Logging.Api\Falcon.Logging.Api.csproj", "{C778A502-29E7-4716-8283-906F6AA344AF}"
EndProject
Project("{FAE04EC0-301F-11D3-BF4B-00C04F79EFBC}") = "Falcon.Logging.Serilog", "Logging\Falcon.Logging.Serilog\Falcon.Logging.Serilog.csproj", "{E876C85D-9B00-4D24-AA0D-9B85779DF1C8}"
EndProject
Project("{FAE04EC0-301F-11D3-BF4B-00C04F79EFBC}") = "Falcon.Logging.Scanner", "Logging\Falcon.Logging.Scanner\Falcon.Logging.Scanner.csproj", "{F3C9A067-2B8F-431D-B688-194A55B1FD62}"
EndProject
Project("{FAE04EC0-301F-11D3-BF4B-00C04F79EFBC}") = "Falcon.Logging.Tool", "Logging\Falcon.Logging.Tool\Falcon.Logging.Tool.csproj", "{BC372E71-82A8-44EE-951C-FDE8C10E6430}"
EndProject
Project("{FAE04EC0-301F-11D3-BF4B-00C04F79EFBC}") = "Falcon.Utils.Api", "Utils\Falcon.Utils.Api\Falcon.Utils.Api.csproj", "{961F8FFD-1181-43C4-9827-67174FFD80E5}"
EndProject
Project("{FAE04EC0-301F-11D3-BF4B-00C04F79EFBC}") = "Falcon.Services.Scan", "Services\Falcon.Services.Scan\Falcon.Services.Scan.csproj", "{9734CFBB-D89E-45D0-B6BF-060BECD7DE04}"
EndProject
Project("{FAE04EC0-301F-11D3-BF4B-00C04F79EFBC}") = "Falcon.Services.RequestProcessing", "Services\Falcon.Services.RequestProcessing\Falcon.Services.RequestProcessing.csproj", "{B650E90F-02B4-4EF8-9F76-698666D1E586}"
EndProject
Project("{FAE04EC0-301F-11D3-BF4B-00C04F79EFBC}") = "Falcon.Hosts.Report", "Hosts\Falcon.Hosts.Report\Falcon.Hosts.Report.csproj", "{ACC07466-B734-454C-A773-F72F7EB27219}"
EndProject
Project("{FAE04EC0-301F-11D3-BF4B-00C04F79EFBC}") = "Falcon.Hosts.Data", "Hosts\Falcon.Hosts.Data\Falcon.Hosts.Data.csproj", "{DE8B14F1-17D8-4CDD-A602-B0A4B9CB2025}"
EndProject
Project("{FAE04EC0-301F-11D3-BF4B-00C04F79EFBC}") = "Falcon.Logging.Report", "Logging\Falcon.Logging.Report\Falcon.Logging.Report.csproj", "{C22878E3-4DC2-459D-A57E-8B24CE7A7784}"
EndProject
Project("{FAE04EC0-301F-11D3-BF4B-00C04F79EFBC}") = "Falcon.Logging.Data", "Logging\Falcon.Logging.Data\Falcon.Logging.Data.csproj", "{5C8189B2-6F70-49A5-A5A5-A8630F1DCD94}"
EndProject
Global
	GlobalSection(SolutionConfigurationPlatforms) = preSolution
		Debug|Any CPU = Debug|Any CPU
		Release|Any CPU = Release|Any CPU
	EndGlobalSection
	GlobalSection(ProjectConfigurationPlatforms) = postSolution
		{B5CDEE56-AA03-4161-A3D1-EFCAA6AF31A9}.Debug|Any CPU.ActiveCfg = Debug|Any CPU
		{B5CDEE56-AA03-4161-A3D1-EFCAA6AF31A9}.Debug|Any CPU.Build.0 = Debug|Any CPU
		{B5CDEE56-AA03-4161-A3D1-EFCAA6AF31A9}.Release|Any CPU.ActiveCfg = Release|Any CPU
		{B5CDEE56-AA03-4161-A3D1-EFCAA6AF31A9}.Release|Any CPU.Build.0 = Release|Any CPU
		{99DA8411-3856-41A9-AE66-0D248C5A1CD9}.Debug|Any CPU.ActiveCfg = Debug|Any CPU
		{99DA8411-3856-41A9-AE66-0D248C5A1CD9}.Debug|Any CPU.Build.0 = Debug|Any CPU
		{99DA8411-3856-41A9-AE66-0D248C5A1CD9}.Release|Any CPU.ActiveCfg = Release|Any CPU
		{99DA8411-3856-41A9-AE66-0D248C5A1CD9}.Release|Any CPU.Build.0 = Release|Any CPU
		{579D9BE4-C431-45C7-AF5A-DEEBA2AC78F6}.Debug|Any CPU.ActiveCfg = Debug|Any CPU
		{579D9BE4-C431-45C7-AF5A-DEEBA2AC78F6}.Debug|Any CPU.Build.0 = Debug|Any CPU
		{579D9BE4-C431-45C7-AF5A-DEEBA2AC78F6}.Release|Any CPU.ActiveCfg = Release|Any CPU
		{579D9BE4-C431-45C7-AF5A-DEEBA2AC78F6}.Release|Any CPU.Build.0 = Release|Any CPU
		{F3B39FA6-8B67-4F4E-BF57-1A982013CDA0}.Debug|Any CPU.ActiveCfg = Debug|Any CPU
		{F3B39FA6-8B67-4F4E-BF57-1A982013CDA0}.Debug|Any CPU.Build.0 = Debug|Any CPU
		{F3B39FA6-8B67-4F4E-BF57-1A982013CDA0}.Release|Any CPU.ActiveCfg = Release|Any CPU
		{F3B39FA6-8B67-4F4E-BF57-1A982013CDA0}.Release|Any CPU.Build.0 = Release|Any CPU
		{2F406993-AF2D-40DE-A466-7D1A93131AE5}.Debug|Any CPU.ActiveCfg = Debug|Any CPU
		{2F406993-AF2D-40DE-A466-7D1A93131AE5}.Debug|Any CPU.Build.0 = Debug|Any CPU
		{2F406993-AF2D-40DE-A466-7D1A93131AE5}.Release|Any CPU.ActiveCfg = Release|Any CPU
		{2F406993-AF2D-40DE-A466-7D1A93131AE5}.Release|Any CPU.Build.0 = Release|Any CPU
		{A2AF49E3-AF0F-414E-913E-C5FDC655ACF6}.Debug|Any CPU.ActiveCfg = Debug|Any CPU
		{A2AF49E3-AF0F-414E-913E-C5FDC655ACF6}.Debug|Any CPU.Build.0 = Debug|Any CPU
		{A2AF49E3-AF0F-414E-913E-C5FDC655ACF6}.Release|Any CPU.ActiveCfg = Release|Any CPU
		{A2AF49E3-AF0F-414E-913E-C5FDC655ACF6}.Release|Any CPU.Build.0 = Release|Any CPU
		{79BECAF3-D0F5-457D-BE5A-03B8488C98A2}.Debug|Any CPU.ActiveCfg = Debug|Any CPU
		{79BECAF3-D0F5-457D-BE5A-03B8488C98A2}.Debug|Any CPU.Build.0 = Debug|Any CPU
		{79BECAF3-D0F5-457D-BE5A-03B8488C98A2}.Release|Any CPU.ActiveCfg = Release|Any CPU
		{79BECAF3-D0F5-457D-BE5A-03B8488C98A2}.Release|Any CPU.Build.0 = Release|Any CPU
		{F9F3F6D2-A3A7-4FAD-A8ED-8215BEB3EB39}.Debug|Any CPU.ActiveCfg = Debug|Any CPU
		{F9F3F6D2-A3A7-4FAD-A8ED-8215BEB3EB39}.Debug|Any CPU.Build.0 = Debug|Any CPU
		{F9F3F6D2-A3A7-4FAD-A8ED-8215BEB3EB39}.Release|Any CPU.ActiveCfg = Release|Any CPU
		{F9F3F6D2-A3A7-4FAD-A8ED-8215BEB3EB39}.Release|Any CPU.Build.0 = Release|Any CPU
		{3421184C-8A38-42D5-9FEC-B89FAC4615C8}.Debug|Any CPU.ActiveCfg = Debug|Any CPU
		{3421184C-8A38-42D5-9FEC-B89FAC4615C8}.Debug|Any CPU.Build.0 = Debug|Any CPU
		{3421184C-8A38-42D5-9FEC-B89FAC4615C8}.Release|Any CPU.ActiveCfg = Release|Any CPU
		{3421184C-8A38-42D5-9FEC-B89FAC4615C8}.Release|Any CPU.Build.0 = Release|Any CPU
		{31A2620F-3B72-447C-B530-9C45C896E798}.Debug|Any CPU.ActiveCfg = Debug|Any CPU
		{31A2620F-3B72-447C-B530-9C45C896E798}.Debug|Any CPU.Build.0 = Debug|Any CPU
		{31A2620F-3B72-447C-B530-9C45C896E798}.Release|Any CPU.ActiveCfg = Release|Any CPU
		{31A2620F-3B72-447C-B530-9C45C896E798}.Release|Any CPU.Build.0 = Release|Any CPU
		{40BB50B5-50AD-4459-9BB5-A7DF160D750D}.Debug|Any CPU.ActiveCfg = Debug|Any CPU
		{40BB50B5-50AD-4459-9BB5-A7DF160D750D}.Debug|Any CPU.Build.0 = Debug|Any CPU
		{40BB50B5-50AD-4459-9BB5-A7DF160D750D}.Release|Any CPU.ActiveCfg = Release|Any CPU
		{40BB50B5-50AD-4459-9BB5-A7DF160D750D}.Release|Any CPU.Build.0 = Release|Any CPU
		{C778A502-29E7-4716-8283-906F6AA344AF}.Debug|Any CPU.ActiveCfg = Debug|Any CPU
		{C778A502-29E7-4716-8283-906F6AA344AF}.Debug|Any CPU.Build.0 = Debug|Any CPU
		{C778A502-29E7-4716-8283-906F6AA344AF}.Release|Any CPU.ActiveCfg = Release|Any CPU
		{C778A502-29E7-4716-8283-906F6AA344AF}.Release|Any CPU.Build.0 = Release|Any CPU
		{E876C85D-9B00-4D24-AA0D-9B85779DF1C8}.Debug|Any CPU.ActiveCfg = Debug|Any CPU
		{E876C85D-9B00-4D24-AA0D-9B85779DF1C8}.Debug|Any CPU.Build.0 = Debug|Any CPU
		{E876C85D-9B00-4D24-AA0D-9B85779DF1C8}.Release|Any CPU.ActiveCfg = Release|Any CPU
		{E876C85D-9B00-4D24-AA0D-9B85779DF1C8}.Release|Any CPU.Build.0 = Release|Any CPU
		{F3C9A067-2B8F-431D-B688-194A55B1FD62}.Debug|Any CPU.ActiveCfg = Debug|Any CPU
		{F3C9A067-2B8F-431D-B688-194A55B1FD62}.Debug|Any CPU.Build.0 = Debug|Any CPU
		{F3C9A067-2B8F-431D-B688-194A55B1FD62}.Release|Any CPU.ActiveCfg = Release|Any CPU
		{F3C9A067-2B8F-431D-B688-194A55B1FD62}.Release|Any CPU.Build.0 = Release|Any CPU
		{BC372E71-82A8-44EE-951C-FDE8C10E6430}.Debug|Any CPU.ActiveCfg = Debug|Any CPU
		{BC372E71-82A8-44EE-951C-FDE8C10E6430}.Debug|Any CPU.Build.0 = Debug|Any CPU
		{BC372E71-82A8-44EE-951C-FDE8C10E6430}.Release|Any CPU.ActiveCfg = Release|Any CPU
		{BC372E71-82A8-44EE-951C-FDE8C10E6430}.Release|Any CPU.Build.0 = Release|Any CPU
		{961F8FFD-1181-43C4-9827-67174FFD80E5}.Debug|Any CPU.ActiveCfg = Debug|Any CPU
		{961F8FFD-1181-43C4-9827-67174FFD80E5}.Debug|Any CPU.Build.0 = Debug|Any CPU
		{961F8FFD-1181-43C4-9827-67174FFD80E5}.Release|Any CPU.ActiveCfg = Release|Any CPU
		{961F8FFD-1181-43C4-9827-67174FFD80E5}.Release|Any CPU.Build.0 = Release|Any CPU
		{9734CFBB-D89E-45D0-B6BF-060BECD7DE04}.Debug|Any CPU.ActiveCfg = Debug|Any CPU
		{9734CFBB-D89E-45D0-B6BF-060BECD7DE04}.Debug|Any CPU.Build.0 = Debug|Any CPU
		{9734CFBB-D89E-45D0-B6BF-060BECD7DE04}.Release|Any CPU.ActiveCfg = Release|Any CPU
		{9734CFBB-D89E-45D0-B6BF-060BECD7DE04}.Release|Any CPU.Build.0 = Release|Any CPU
		{B650E90F-02B4-4EF8-9F76-698666D1E586}.Debug|Any CPU.ActiveCfg = Debug|Any CPU
		{B650E90F-02B4-4EF8-9F76-698666D1E586}.Debug|Any CPU.Build.0 = Debug|Any CPU
		{B650E90F-02B4-4EF8-9F76-698666D1E586}.Release|Any CPU.ActiveCfg = Release|Any CPU
		{B650E90F-02B4-4EF8-9F76-698666D1E586}.Release|Any CPU.Build.0 = Release|Any CPU
		{ACC07466-B734-454C-A773-F72F7EB27219}.Debug|Any CPU.ActiveCfg = Debug|Any CPU
		{ACC07466-B734-454C-A773-F72F7EB27219}.Debug|Any CPU.Build.0 = Debug|Any CPU
		{ACC07466-B734-454C-A773-F72F7EB27219}.Release|Any CPU.ActiveCfg = Release|Any CPU
		{ACC07466-B734-454C-A773-F72F7EB27219}.Release|Any CPU.Build.0 = Release|Any CPU
		{DE8B14F1-17D8-4CDD-A602-B0A4B9CB2025}.Debug|Any CPU.ActiveCfg = Debug|Any CPU
		{DE8B14F1-17D8-4CDD-A602-B0A4B9CB2025}.Debug|Any CPU.Build.0 = Debug|Any CPU
		{DE8B14F1-17D8-4CDD-A602-B0A4B9CB2025}.Release|Any CPU.ActiveCfg = Release|Any CPU
		{DE8B14F1-17D8-4CDD-A602-B0A4B9CB2025}.Release|Any CPU.Build.0 = Release|Any CPU
		{C22878E3-4DC2-459D-A57E-8B24CE7A7784}.Debug|Any CPU.ActiveCfg = Debug|Any CPU
		{C22878E3-4DC2-459D-A57E-8B24CE7A7784}.Debug|Any CPU.Build.0 = Debug|Any CPU
		{C22878E3-4DC2-459D-A57E-8B24CE7A7784}.Release|Any CPU.ActiveCfg = Release|Any CPU
		{C22878E3-4DC2-459D-A57E-8B24CE7A7784}.Release|Any CPU.Build.0 = Release|Any CPU
		{5C8189B2-6F70-49A5-A5A5-A8630F1DCD94}.Debug|Any CPU.ActiveCfg = Debug|Any CPU
		{5C8189B2-6F70-49A5-A5A5-A8630F1DCD94}.Debug|Any CPU.Build.0 = Debug|Any CPU
		{5C8189B2-6F70-49A5-A5A5-A8630F1DCD94}.Release|Any CPU.ActiveCfg = Release|Any CPU
		{5C8189B2-6F70-49A5-A5A5-A8630F1DCD94}.Release|Any CPU.Build.0 = Release|Any CPU
	EndGlobalSection
	GlobalSection(NestedProjects) = preSolution
		{B5CDEE56-AA03-4161-A3D1-EFCAA6AF31A9} = {46AECE87-DBF7-4E62-96B5-91DC61D75641}
		{99DA8411-3856-41A9-AE66-0D248C5A1CD9} = {09B1AE7A-4A15-4631-B43C-344833BFFE26}
		{579D9BE4-C431-45C7-AF5A-DEEBA2AC78F6} = {EEBFF986-0995-4DA1-8823-1E086FF2451C}
		{F3B39FA6-8B67-4F4E-BF57-1A982013CDA0} = {EEBFF986-0995-4DA1-8823-1E086FF2451C}
		{2F406993-AF2D-40DE-A466-7D1A93131AE5} = {F4DFB76C-B2A4-4F1F-9178-88D66B614F63}
		{A2AF49E3-AF0F-414E-913E-C5FDC655ACF6} = {C9536D0A-71C2-4DE3-B0A7-0AE2ABBF358A}
		{79BECAF3-D0F5-457D-BE5A-03B8488C98A2} = {8607D660-F92C-48F3-B3B5-50A657C3741D}
		{F9F3F6D2-A3A7-4FAD-A8ED-8215BEB3EB39} = {8607D660-F92C-48F3-B3B5-50A657C3741D}
		{31A2620F-3B72-447C-B530-9C45C896E798} = {0D52ED96-393A-49EF-B26B-EA1441263D32}
		{40BB50B5-50AD-4459-9BB5-A7DF160D750D} = {12B501D5-FA06-4EC9-88D8-5DA2D1C8F84E}
		{C778A502-29E7-4716-8283-906F6AA344AF} = {12B501D5-FA06-4EC9-88D8-5DA2D1C8F84E}
		{E876C85D-9B00-4D24-AA0D-9B85779DF1C8} = {12B501D5-FA06-4EC9-88D8-5DA2D1C8F84E}
		{3421184C-8A38-42D5-9FEC-B89FAC4615C8} = {F4DFB76C-B2A4-4F1F-9178-88D66B614F63}
		{F3C9A067-2B8F-431D-B688-194A55B1FD62} = {12B501D5-FA06-4EC9-88D8-5DA2D1C8F84E}
		{BC372E71-82A8-44EE-951C-FDE8C10E6430} = {12B501D5-FA06-4EC9-88D8-5DA2D1C8F84E}
		{961F8FFD-1181-43C4-9827-67174FFD80E5} = {8607D660-F92C-48F3-B3B5-50A657C3741D}
		{9734CFBB-D89E-45D0-B6BF-060BECD7DE04} = {48FFD131-D5B4-4F4B-8EDB-604E771CE58C}
		{B650E90F-02B4-4EF8-9F76-698666D1E586} = {48FFD131-D5B4-4F4B-8EDB-604E771CE58C}
		{ACC07466-B734-454C-A773-F72F7EB27219} = {F4DFB76C-B2A4-4F1F-9178-88D66B614F63}
		{DE8B14F1-17D8-4CDD-A602-B0A4B9CB2025} = {F4DFB76C-B2A4-4F1F-9178-88D66B614F63}
		{C22878E3-4DC2-459D-A57E-8B24CE7A7784} = {12B501D5-FA06-4EC9-88D8-5DA2D1C8F84E}
		{5C8189B2-6F70-49A5-A5A5-A8630F1DCD94} = {12B501D5-FA06-4EC9-88D8-5DA2D1C8F84E}
	EndGlobalSection
EndGlobal
